
Microsoft Visual Studio Solution File, Format Version 12.00
Project("{FAE04EC0-301F-11D3-BF4B-00C04F79EFBC}") = "TaskManager.Presentation", "TaskManager.Presentation\TaskManager.Presentation.csproj", "{73C5F653-731D-41E2-A1A7-20BAE861F6D6}"
EndProject
Project("{FAE04EC0-301F-11D3-BF4B-00C04F79EFBC}") = "TaskManager.Domain", "TaskManager.Domain\TaskManager.Domain.csproj", "{054BCB3B-E44B-4E23-B0CF-D5CE2146D23F}"
EndProject
Project("{FAE04EC0-301F-11D3-BF4B-00C04F79EFBC}") = "TaskManager.Application", "TaskManager.Application\TaskManager.Application.csproj", "{8D885723-09B5-4B89-928A-E65BBC486EFC}"
EndProject
Project("{FAE04EC0-301F-11D3-BF4B-00C04F79EFBC}") = "TaskManager.Infrastructure", "TaskManager.Infrastructure\TaskManager.Infrastructure.csproj", "{B5C12F50-1353-4460-AC2C-E2BC3F819D6E}"
EndProject
Global
	GlobalSection(SolutionConfigurationPlatforms) = preSolution
		Debug|Any CPU = Debug|Any CPU
		Release|Any CPU = Release|Any CPU
	EndGlobalSection
	GlobalSection(ProjectConfigurationPlatforms) = postSolution
		{73C5F653-731D-41E2-A1A7-20BAE861F6D6}.Debug|Any CPU.ActiveCfg = Debug|Any CPU
		{73C5F653-731D-41E2-A1A7-20BAE861F6D6}.Debug|Any CPU.Build.0 = Debug|Any CPU
		{73C5F653-731D-41E2-A1A7-20BAE861F6D6}.Release|Any CPU.ActiveCfg = Release|Any CPU
		{73C5F653-731D-41E2-A1A7-20BAE861F6D6}.Release|Any CPU.Build.0 = Release|Any CPU
		{054BCB3B-E44B-4E23-B0CF-D5CE2146D23F}.Debug|Any CPU.ActiveCfg = Debug|Any CPU
		{054BCB3B-E44B-4E23-B0CF-D5CE2146D23F}.Debug|Any CPU.Build.0 = Debug|Any CPU
		{054BCB3B-E44B-4E23-B0CF-D5CE2146D23F}.Release|Any CPU.ActiveCfg = Release|Any CPU
		{054BCB3B-E44B-4E23-B0CF-D5CE2146D23F}.Release|Any CPU.Build.0 = Release|Any CPU
		{8D885723-09B5-4B89-928A-E65BBC486EFC}.Debug|Any CPU.ActiveCfg = Debug|Any CPU
		{8D885723-09B5-4B89-928A-E65BBC486EFC}.Debug|Any CPU.Build.0 = Debug|Any CPU
		{8D885723-09B5-4B89-928A-E65BBC486EFC}.Release|Any CPU.ActiveCfg = Release|Any CPU
		{8D885723-09B5-4B89-928A-E65BBC486EFC}.Release|Any CPU.Build.0 = Release|Any CPU
		{B5C12F50-1353-4460-AC2C-E2BC3F819D6E}.Debug|Any CPU.ActiveCfg = Debug|Any CPU
		{B5C12F50-1353-4460-AC2C-E2BC3F819D6E}.Debug|Any CPU.Build.0 = Debug|Any CPU
		{B5C12F50-1353-4460-AC2C-E2BC3F819D6E}.Release|Any CPU.ActiveCfg = Release|Any CPU
		{B5C12F50-1353-4460-AC2C-E2BC3F819D6E}.Release|Any CPU.Build.0 = Release|Any CPU
	EndGlobalSection
EndGlobal
